
Microsoft Visual Studio Solution File, Format Version 12.00
# Visual Studio Version 17
VisualStudioVersion = 17.0.31903.59
MinimumVisualStudioVersion = 10.0.40219.1
Project("{2150E333-8FDC-42A3-9474-1A3956D46DE8}") = "src", "src", "{5FB696F9-1F42-4E2C-96CF-807724403637}"
EndProject
Project("{FAE04EC0-301F-11D3-BF4B-00C04F79EFBC}") = "VeriYonetim.Api", "src\VeriYonetim.Api\VeriYonetim.Api.csproj", "{F8DC6410-DE46-43BF-B41F-846789A21699}"
EndProject
Global
	GlobalSection(SolutionConfigurationPlatforms) = preSolution
		Debug|Any CPU = Debug|Any CPU
		Release|Any CPU = Release|Any CPU
	EndGlobalSection
	GlobalSection(SolutionProperties) = preSolution
		HideSolutionNode = FALSE
	EndGlobalSection
	GlobalSection(ProjectConfigurationPlatforms) = postSolution
		{F8DC6410-DE46-43BF-B41F-846789A21699}.Debug|Any CPU.ActiveCfg = Debug|Any CPU
		{F8DC6410-DE46-43BF-B41F-846789A21699}.Debug|Any CPU.Build.0 = Debug|Any CPU
		{F8DC6410-DE46-43BF-B41F-846789A21699}.Release|Any CPU.ActiveCfg = Release|Any CPU
		{F8DC6410-DE46-43BF-B41F-846789A21699}.Release|Any CPU.Build.0 = Release|Any CPU
	EndGlobalSection
	GlobalSection(NestedProjects) = preSolution
		{F8DC6410-DE46-43BF-B41F-846789A21699} = {5FB696F9-1F42-4E2C-96CF-807724403637}
	EndGlobalSection
EndGlobal
